
Microsoft Visual Studio Solution File, Format Version 12.00
# Visual Studio 2013
VisualStudioVersion = 12.0.31101.0
MinimumVisualStudioVersion = 10.0.40219.1
Project("{FAE04EC0-301F-11D3-BF4B-00C04F79EFBC}") = "FroalaWebFormsTest", "FroalaWebFormsTest\FroalaWebFormsTest.csproj", "{F41EB231-AC92-4376-A5FC-B430F4EF5103}"
EndProject
Project("{FAE04EC0-301F-11D3-BF4B-00C04F79EFBC}") = "FroalaMvcTest", "FroalaMvcTest\FroalaMvcTest.csproj", "{629E63FA-9A72-46F5-865C-4EA1D348ED44}"
EndProject
Project("{2150E333-8FDC-42A3-9474-1A3956D46DE8}") = ".nuget", ".nuget", "{CC0A9473-794D-4B46-9E51-10496EE57356}"
	ProjectSection(SolutionItems) = preProject
		.nuget\NuGet.Config = .nuget\NuGet.Config
		.nuget\NuGet.exe = .nuget\NuGet.exe
		.nuget\NuGet.targets = .nuget\NuGet.targets
	EndProjectSection
EndProject
Project("{2150E333-8FDC-42A3-9474-1A3956D46DE8}") = "Solution Items", "Solution Items", "{2E3AE2B1-C9B1-4E91-87C3-F290D60899ED}"
	ProjectSection(SolutionItems) = preProject
		LICENSE.md = LICENSE.md
		README.md = README.md
	EndProjectSection
EndProject
Global
	GlobalSection(SolutionConfigurationPlatforms) = preSolution
		Debug|Any CPU = Debug|Any CPU
		Release|Any CPU = Release|Any CPU
	EndGlobalSection
	GlobalSection(ProjectConfigurationPlatforms) = postSolution
		{F41EB231-AC92-4376-A5FC-B430F4EF5103}.Debug|Any CPU.ActiveCfg = Debug|Any CPU
		{F41EB231-AC92-4376-A5FC-B430F4EF5103}.Debug|Any CPU.Build.0 = Debug|Any CPU
		{F41EB231-AC92-4376-A5FC-B430F4EF5103}.Release|Any CPU.ActiveCfg = Release|Any CPU
		{F41EB231-AC92-4376-A5FC-B430F4EF5103}.Release|Any CPU.Build.0 = Release|Any CPU
		{629E63FA-9A72-46F5-865C-4EA1D348ED44}.Debug|Any CPU.ActiveCfg = Debug|Any CPU
		{629E63FA-9A72-46F5-865C-4EA1D348ED44}.Debug|Any CPU.Build.0 = Debug|Any CPU
		{629E63FA-9A72-46F5-865C-4EA1D348ED44}.Release|Any CPU.ActiveCfg = Release|Any CPU
		{629E63FA-9A72-46F5-865C-4EA1D348ED44}.Release|Any CPU.Build.0 = Release|Any CPU
	EndGlobalSection
	GlobalSection(SolutionProperties) = preSolution
		HideSolutionNode = FALSE
	EndGlobalSection
EndGlobal
